// !$*UTF8*$!
{
	archiveVersion = 1;
	classes = {
	};
	objectVersion = 77;
	objects = {

/* Begin PBXBuildFile section */
		AE6C4EDE2CE9A40F007AA1F8 /* GundamView.swift in Sources */ = {isa = PBXBuildFile; fileRef = AE6C4EDB2CE9A40F007AA1F8 /* GundamView.swift */; };
		AE6C4EDF2CE9A40F007AA1F8 /* TradingCardsApp.swift in Sources */ = {isa = PBXBuildFile; fileRef = AE6C4EDC2CE9A40F007AA1F8 /* TradingCardsApp.swift */; };
		AE6C4EE02CE9A40F007AA1F8 /* Preview Assets.xcassets in Resources */ = {isa = PBXBuildFile; fileRef = AE6C4ED82CE9A40F007AA1F8 /* Preview Assets.xcassets */; };
		AE6C4EE12CE9A40F007AA1F8 /* Assets.xcassets in Resources */ = {isa = PBXBuildFile; fileRef = AE6C4EDA2CE9A40F007AA1F8 /* Assets.xcassets */; };
		AECDB7102CF919F000F94868 /* Gundam.swift in Sources */ = {isa = PBXBuildFile; fileRef = AECDB70F2CF919E900F94868 /* Gundam.swift */; };
		AECDB7242CF91CC600F94868 /* GundamListView.swift in Sources */ = {isa = PBXBuildFile; fileRef = AECDB7232CF91CC600F94868 /* GundamListView.swift */; };
		AECDB7622CFA070D00F94868 /* GundamDetailView.swift in Sources */ = {isa = PBXBuildFile; fileRef = AECDB7612CFA070D00F94868 /* GundamDetailView.swift */; };
		AECDB7752CFBB48200F94868 /* Star.swift in Sources */ = {isa = PBXBuildFile; fileRef = AECDB7742CFBB48200F94868 /* Star.swift */; };
		AECDB7772CFBD59300F94868 /* Rectangle.swift in Sources */ = {isa = PBXBuildFile; fileRef = AECDB7762CFBD59300F94868 /* Rectangle.swift */; };
/* End PBXBuildFile section */

/* Begin PBXFileReference section */
		AE6C4ED82CE9A40F007AA1F8 /* Preview Assets.xcassets */ = {isa = PBXFileReference; lastKnownFileType = folder.assetcatalog; path = "Preview Assets.xcassets"; sourceTree = "<group>"; };
		AE6C4EDA2CE9A40F007AA1F8 /* Assets.xcassets */ = {isa = PBXFileReference; lastKnownFileType = folder.assetcatalog; path = Assets.xcassets; sourceTree = "<group>"; };
		AE6C4EDB2CE9A40F007AA1F8 /* GundamView.swift */ = {isa = PBXFileReference; lastKnownFileType = sourcecode.swift; path = GundamView.swift; sourceTree = "<group>"; };
		AE6C4EDC2CE9A40F007AA1F8 /* TradingCardsApp.swift */ = {isa = PBXFileReference; lastKnownFileType = sourcecode.swift; path = TradingCardsApp.swift; sourceTree = "<group>"; };
		AEBFCE972CE3E0C700D8146D /* TradingCards.app */ = {isa = PBXFileReference; explicitFileType = wrapper.application; includeInIndex = 0; path = TradingCards.app; sourceTree = BUILT_PRODUCTS_DIR; };
		AECDB70F2CF919E900F94868 /* Gundam.swift */ = {isa = PBXFileReference; lastKnownFileType = sourcecode.swift; path = Gundam.swift; sourceTree = "<group>"; };
		AECDB7232CF91CC600F94868 /* GundamListView.swift */ = {isa = PBXFileReference; lastKnownFileType = sourcecode.swift; path = GundamListView.swift; sourceTree = "<group>"; };
		AECDB7612CFA070D00F94868 /* GundamDetailView.swift */ = {isa = PBXFileReference; lastKnownFileType = sourcecode.swift; path = GundamDetailView.swift; sourceTree = "<group>"; };
		AECDB7742CFBB48200F94868 /* Star.swift */ = {isa = PBXFileReference; lastKnownFileType = sourcecode.swift; path = Star.swift; sourceTree = "<group>"; };
		AECDB7762CFBD59300F94868 /* Rectangle.swift */ = {isa = PBXFileReference; lastKnownFileType = sourcecode.swift; path = Rectangle.swift; sourceTree = "<group>"; };
/* End PBXFileReference section */

/* Begin PBXFrameworksBuildPhase section */
		AEBFCE942CE3E0C700D8146D /* Frameworks */ = {
			isa = PBXFrameworksBuildPhase;
			buildActionMask = 2147483647;
			files = (
			);
			runOnlyForDeploymentPostprocessing = 0;
		};
/* End PBXFrameworksBuildPhase section */

/* Begin PBXGroup section */
		AE6C4ED92CE9A40F007AA1F8 /* Preview Content */ = {
			isa = PBXGroup;
			children = (
				AE6C4ED82CE9A40F007AA1F8 /* Preview Assets.xcassets */,
			);
			path = "Preview Content";
			sourceTree = "<group>";
		};
		AE6C4EDD2CE9A40F007AA1F8 /* TradingCards */ = {
			isa = PBXGroup;
			children = (
				AE6C4EDC2CE9A40F007AA1F8 /* TradingCardsApp.swift */,
				AE6C4EE22CE9A45D007AA1F8 /* Views */,
				AE6C4EDA2CE9A40F007AA1F8 /* Assets.xcassets */,
				AE6C4ED92CE9A40F007AA1F8 /* Preview Content */,
			);
			path = TradingCards;
			sourceTree = "<group>";
		};
		AE6C4EE22CE9A45D007AA1F8 /* Views */ = {
			isa = PBXGroup;
			children = (
				AECDB70E2CF919E100F94868 /* Model */,
				AECDB7222CF91A3D00F94868 /* VIew */,
			);
			path = Views;
			sourceTree = "<group>";
		};
		AEBFCE8E2CE3E0C700D8146D = {
			isa = PBXGroup;
			children = (
				AE6C4EDD2CE9A40F007AA1F8 /* TradingCards */,
				AEBFCE982CE3E0C700D8146D /* Products */,
			);
			sourceTree = "<group>";
		};
		AEBFCE982CE3E0C700D8146D /* Products */ = {
			isa = PBXGroup;
			children = (
				AEBFCE972CE3E0C700D8146D /* TradingCards.app */,
			);
			name = Products;
			sourceTree = "<group>";
		};
		AECDB70E2CF919E100F94868 /* Model */ = {
			isa = PBXGroup;
			children = (
				AECDB70F2CF919E900F94868 /* Gundam.swift */,
				AECDB7742CFBB48200F94868 /* Star.swift */,
				AECDB7762CFBD59300F94868 /* Rectangle.swift */,
			);
			path = Model;
			sourceTree = "<group>";
		};
		AECDB7222CF91A3D00F94868 /* VIew */ = {
			isa = PBXGroup;
			children = (
				AE6C4EDB2CE9A40F007AA1F8 /* GundamView.swift */,
				AECDB7612CFA070D00F94868 /* GundamDetailView.swift */,
				AECDB7232CF91CC600F94868 /* GundamListView.swift */,
			);
			path = VIew;
			sourceTree = "<group>";
		};
/* End PBXGroup section */

/* Begin PBXNativeTarget section */
		AEBFCE962CE3E0C700D8146D /* TradingCards */ = {
			isa = PBXNativeTarget;
			buildConfigurationList = AEBFCEA52CE3E0C900D8146D /* Build configuration list for PBXNativeTarget "TradingCards" */;
			buildPhases = (
				AEBFCE932CE3E0C700D8146D /* Sources */,
				AEBFCE942CE3E0C700D8146D /* Frameworks */,
				AEBFCE952CE3E0C700D8146D /* Resources */,
			);
			buildRules = (
			);
			dependencies = (
			);
			name = TradingCards;
			packageProductDependencies = (
			);
			productName = TradingCards;
			productReference = AEBFCE972CE3E0C700D8146D /* TradingCards.app */;
			productType = "com.apple.product-type.application";
		};
/* End PBXNativeTarget section */

/* Begin PBXProject section */
		AEBFCE8F2CE3E0C700D8146D /* Project object */ = {
			isa = PBXProject;
			attributes = {
				BuildIndependentTargetsInParallel = 1;
				LastSwiftUpdateCheck = 1600;
				LastUpgradeCheck = 1600;
				TargetAttributes = {
					AEBFCE962CE3E0C700D8146D = {
						CreatedOnToolsVersion = 16.0;
					};
				};
			};
			buildConfigurationList = AEBFCE922CE3E0C700D8146D /* Build configuration list for PBXProject "TradingCards" */;
			developmentRegion = en;
			hasScannedForEncodings = 0;
			knownRegions = (
				en,
				Base,
			);
			mainGroup = AEBFCE8E2CE3E0C700D8146D;
			minimizedProjectReferenceProxies = 1;
			preferredProjectObjectVersion = 77;
			productRefGroup = AEBFCE982CE3E0C700D8146D /* Products */;
			projectDirPath = "";
			projectRoot = "";
			targets = (
				AEBFCE962CE3E0C700D8146D /* TradingCards */,
			);
		};
/* End PBXProject section */

/* Begin PBXResourcesBuildPhase section */
		AEBFCE952CE3E0C700D8146D /* Resources */ = {
			isa = PBXResourcesBuildPhase;
			buildActionMask = 2147483647;
			files = (
				AE6C4EE02CE9A40F007AA1F8 /* Preview Assets.xcassets in Resources */,
				AE6C4EE12CE9A40F007AA1F8 /* Assets.xcassets in Resources */,
			);
			runOnlyForDeploymentPostprocessing = 0;
		};
/* End PBXResourcesBuildPhase section */

/* Begin PBXSourcesBuildPhase section */
		AEBFCE932CE3E0C700D8146D /* Sources */ = {
			isa = PBXSourcesBuildPhase;
			buildActionMask = 2147483647;
			files = (
				AECDB7622CFA070D00F94868 /* GundamDetailView.swift in Sources */,
				AECDB7102CF919F000F94868 /* Gundam.swift in Sources */,
				AE6C4EDE2CE9A40F007AA1F8 /* GundamView.swift in Sources */,
				AECDB7752CFBB48200F94868 /* Star.swift in Sources */,
				AECDB7242CF91CC600F94868 /* GundamListView.swift in Sources */,
				AE6C4EDF2CE9A40F007AA1F8 /* TradingCardsApp.swift in Sources */,
				AECDB7772CFBD59300F94868 /* Rectangle.swift in Sources */,
			);
			runOnlyForDeploymentPostprocessing = 0;
		};
/* End PBXSourcesBuildPhase section */

/* Begin XCBuildConfiguration section */
		AEBFCEA32CE3E0C900D8146D /* Debug */ = {
			isa = XCBuildConfiguration;
			buildSettings = {
				ALWAYS_SEARCH_USER_PATHS = NO;
				ASSETCATALOG_COMPILER_GENERATE_SWIFT_ASSET_SYMBOL_EXTENSIONS = YES;
				CLANG_ANALYZER_NONNULL = YES;
				CLANG_ANALYZER_NUMBER_OBJECT_CONVERSION = YES_AGGRESSIVE;
				CLANG_CXX_LANGUAGE_STANDARD = "gnu++20";
				CLANG_ENABLE_MODULES = YES;
				CLANG_ENABLE_OBJC_ARC = YES;
				CLANG_ENABLE_OBJC_WEAK = YES;
				CLANG_WARN_BLOCK_CAPTURE_AUTORELEASING = YES;
				CLANG_WARN_BOOL_CONVERSION = YES;
				CLANG_WARN_COMMA = YES;
				CLANG_WARN_CONSTANT_CONVERSION = YES;
				CLANG_WARN_DEPRECATED_OBJC_IMPLEMENTATIONS = YES;
				CLANG_WARN_DIRECT_OBJC_ISA_USAGE = YES_ERROR;
				CLANG_WARN_DOCUMENTATION_COMMENTS = YES;
				CLANG_WARN_EMPTY_BODY = YES;
				CLANG_WARN_ENUM_CONVERSION = YES;
				CLANG_WARN_INFINITE_RECURSION = YES;
				CLANG_WARN_INT_CONVERSION = YES;
				CLANG_WARN_NON_LITERAL_NULL_CONVERSION = YES;
				CLANG_WARN_OBJC_IMPLICIT_RETAIN_SELF = YES;
				CLANG_WARN_OBJC_LITERAL_CONVERSION = YES;
				CLANG_WARN_OBJC_ROOT_CLASS = YES_ERROR;
				CLANG_WARN_QUOTED_INCLUDE_IN_FRAMEWORK_HEADER = YES;
				CLANG_WARN_RANGE_LOOP_ANALYSIS = YES;
				CLANG_WARN_STRICT_PROTOTYPES = YES;
				CLANG_WARN_SUSPICIOUS_MOVE = YES;
				CLANG_WARN_UNGUARDED_AVAILABILITY = YES_AGGRESSIVE;
				CLANG_WARN_UNREACHABLE_CODE = YES;
				CLANG_WARN__DUPLICATE_METHOD_MATCH = YES;
				COPY_PHASE_STRIP = NO;
				DEBUG_INFORMATION_FORMAT = dwarf;
				ENABLE_STRICT_OBJC_MSGSEND = YES;
				ENABLE_TESTABILITY = YES;
				ENABLE_USER_SCRIPT_SANDBOXING = YES;
				GCC_C_LANGUAGE_STANDARD = gnu17;
				GCC_DYNAMIC_NO_PIC = NO;
				GCC_NO_COMMON_BLOCKS = YES;
				GCC_OPTIMIZATION_LEVEL = 0;
				GCC_PREPROCESSOR_DEFINITIONS = (
					"DEBUG=1",
					"$(inherited)",
				);
				GCC_WARN_64_TO_32_BIT_CONVERSION = YES;
				GCC_WARN_ABOUT_RETURN_TYPE = YES_ERROR;
				GCC_WARN_UNDECLARED_SELECTOR = YES;
				GCC_WARN_UNINITIALIZED_AUTOS = YES_AGGRESSIVE;
				GCC_WARN_UNUSED_FUNCTION = YES;
				GCC_WARN_UNUSED_VARIABLE = YES;
				IPHONEOS_DEPLOYMENT_TARGET = 18.0;
				LOCALIZATION_PREFERS_STRING_CATALOGS = YES;
				MTL_ENABLE_DEBUG_INFO = INCLUDE_SOURCE;
				MTL_FAST_MATH = YES;
				ONLY_ACTIVE_ARCH = YES;
				SDKROOT = iphoneos;
				SWIFT_ACTIVE_COMPILATION_CONDITIONS = "DEBUG $(inherited)";
				SWIFT_OPTIMIZATION_LEVEL = "-Onone";
			};
			name = Debug;
		};
		AEBFCEA42CE3E0C900D8146D /* Release */ = {
			isa = XCBuildConfiguration;
			buildSettings = {
				ALWAYS_SEARCH_USER_PATHS = NO;
				ASSETCATALOG_COMPILER_GENERATE_SWIFT_ASSET_SYMBOL_EXTENSIONS = YES;
				CLANG_ANALYZER_NONNULL = YES;
				CLANG_ANALYZER_NUMBER_OBJECT_CONVERSION = YES_AGGRESSIVE;
				CLANG_CXX_LANGUAGE_STANDARD = "gnu++20";
				CLANG_ENABLE_MODULES = YES;
				CLANG_ENABLE_OBJC_ARC = YES;
				CLANG_ENABLE_OBJC_WEAK = YES;
				CLANG_WARN_BLOCK_CAPTURE_AUTORELEASING = YES;
				CLANG_WARN_BOOL_CONVERSION = YES;
				CLANG_WARN_COMMA = YES;
				CLANG_WARN_CONSTANT_CONVERSION = YES;
				CLANG_WARN_DEPRECATED_OBJC_IMPLEMENTATIONS = YES;
				CLANG_WARN_DIRECT_OBJC_ISA_USAGE = YES_ERROR;
				CLANG_WARN_DOCUMENTATION_COMMENTS = YES;
				CLANG_WARN_EMPTY_BODY = YES;
				CLANG_WARN_ENUM_CONVERSION = YES;
				CLANG_WARN_INFINITE_RECURSION = YES;
				CLANG_WARN_INT_CONVERSION = YES;
				CLANG_WARN_NON_LITERAL_NULL_CONVERSION = YES;
				CLANG_WARN_OBJC_IMPLICIT_RETAIN_SELF = YES;
				CLANG_WARN_OBJC_LITERAL_CONVERSION = YES;
				CLANG_WARN_OBJC_ROOT_CLASS = YES_ERROR;
				CLANG_WARN_QUOTED_INCLUDE_IN_FRAMEWORK_HEADER = YES;
				CLANG_WARN_RANGE_LOOP_ANALYSIS = YES;
				CLANG_WARN_STRICT_PROTOTYPES = YES;
				CLANG_WARN_SUSPICIOUS_MOVE = YES;
				CLANG_WARN_UNGUARDED_AVAILABILITY = YES_AGGRESSIVE;
				CLANG_WARN_UNREACHABLE_CODE = YES;
				CLANG_WARN__DUPLICATE_METHOD_MATCH = YES;
				COPY_PHASE_STRIP = NO;
				DEBUG_INFORMATION_FORMAT = "dwarf-with-dsym";
				ENABLE_NS_ASSERTIONS = NO;
				ENABLE_STRICT_OBJC_MSGSEND = YES;
				ENABLE_USER_SCRIPT_SANDBOXING = YES;
				GCC_C_LANGUAGE_STANDARD = gnu17;
				GCC_NO_COMMON_BLOCKS = YES;
				GCC_WARN_64_TO_32_BIT_CONVERSION = YES;
				GCC_WARN_ABOUT_RETURN_TYPE = YES_ERROR;
				GCC_WARN_UNDECLARED_SELECTOR = YES;
				GCC_WARN_UNINITIALIZED_AUTOS = YES_AGGRESSIVE;
				GCC_WARN_UNUSED_FUNCTION = YES;
				GCC_WARN_UNUSED_VARIABLE = YES;
				IPHONEOS_DEPLOYMENT_TARGET = 18.0;
				LOCALIZATION_PREFERS_STRING_CATALOGS = YES;
				MTL_ENABLE_DEBUG_INFO = NO;
				MTL_FAST_MATH = YES;
				SDKROOT = iphoneos;
				SWIFT_COMPILATION_MODE = wholemodule;
				VALIDATE_PRODUCT = YES;
			};
			name = Release;
		};
		AEBFCEA62CE3E0C900D8146D /* Debug */ = {
			isa = XCBuildConfiguration;
			buildSettings = {
				ASSETCATALOG_COMPILER_APPICON_NAME = AppIcon;
				ASSETCATALOG_COMPILER_GLOBAL_ACCENT_COLOR_NAME = AccentColor;
				CODE_SIGN_STYLE = Automatic;
				CURRENT_PROJECT_VERSION = 1;
				DEVELOPMENT_ASSET_PATHS = "\"TradingCards/Preview Content\"";
				DEVELOPMENT_TEAM = 4UG443984D;
				ENABLE_PREVIEWS = YES;
				GENERATE_INFOPLIST_FILE = YES;
				INFOPLIST_KEY_UIApplicationSceneManifest_Generation = YES;
				INFOPLIST_KEY_UIApplicationSupportsIndirectInputEvents = YES;
				INFOPLIST_KEY_UILaunchScreen_Generation = YES;
				INFOPLIST_KEY_UISupportedInterfaceOrientations_iPad = "UIInterfaceOrientationPortrait UIInterfaceOrientationPortraitUpsideDown UIInterfaceOrientationLandscapeLeft UIInterfaceOrientationLandscapeRight";
				INFOPLIST_KEY_UISupportedInterfaceOrientations_iPhone = "UIInterfaceOrientationPortrait UIInterfaceOrientationLandscapeLeft UIInterfaceOrientationLandscapeRight";
				LD_RUNPATH_SEARCH_PATHS = (
					"$(inherited)",
					"@executable_path/Frameworks",
				);
				MARKETING_VERSION = 1.0;
				PRODUCT_BUNDLE_IDENTIFIER = ca.marcusli.TradingCards;
				PRODUCT_NAME = "$(TARGET_NAME)";
				SWIFT_EMIT_LOC_STRINGS = YES;
				SWIFT_VERSION = 5.0;
				TARGETED_DEVICE_FAMILY = "1,2";
			};
			name = Debug;
		};
		AEBFCEA72CE3E0C900D8146D /* Release */ = {
			isa = XCBuildConfiguration;
			buildSettings = {
				ASSETCATALOG_COMPILER_APPICON_NAME = AppIcon;
				ASSETCATALOG_COMPILER_GLOBAL_ACCENT_COLOR_NAME = AccentColor;
				CODE_SIGN_STYLE = Automatic;
				CURRENT_PROJECT_VERSION = 1;
				DEVELOPMENT_ASSET_PATHS = "\"TradingCards/Preview Content\"";
				DEVELOPMENT_TEAM = 4UG443984D;
				ENABLE_PREVIEWS = YES;
				GENERATE_INFOPLIST_FILE = YES;
				INFOPLIST_KEY_UIApplicationSceneManifest_Generation = YES;
				INFOPLIST_KEY_UIApplicationSupportsIndirectInputEvents = YES;
				INFOPLIST_KEY_UILaunchScreen_Generation = YES;
				INFOPLIST_KEY_UISupportedInterfaceOrientations_iPad = "UIInterfaceOrientationPortrait UIInterfaceOrientationPortraitUpsideDown UIInterfaceOrientationLandscapeLeft UIInterfaceOrientationLandscapeRight";
				INFOPLIST_KEY_UISupportedInterfaceOrientations_iPhone = "UIInterfaceOrientationPortrait UIInterfaceOrientationLandscapeLeft UIInterfaceOrientationLandscapeRight";
				LD_RUNPATH_SEARCH_PATHS = (
					"$(inherited)",
					"@executable_path/Frameworks",
				);
				MARKETING_VERSION = 1.0;
				PRODUCT_BUNDLE_IDENTIFIER = ca.marcusli.TradingCards;
				PRODUCT_NAME = "$(TARGET_NAME)";
				SWIFT_EMIT_LOC_STRINGS = YES;
				SWIFT_VERSION = 5.0;
				TARGETED_DEVICE_FAMILY = "1,2";
			};
			name = Release;
		};
/* End XCBuildConfiguration section */

/* Begin XCConfigurationList section */
		AEBFCE922CE3E0C700D8146D /* Build configuration list for PBXProject "TradingCards" */ = {
			isa = XCConfigurationList;
			buildConfigurations = (
				AEBFCEA32CE3E0C900D8146D /* Debug */,
				AEBFCEA42CE3E0C900D8146D /* Release */,
			);
			defaultConfigurationIsVisible = 0;
			defaultConfigurationName = Release;
		};
		AEBFCEA52CE3E0C900D8146D /* Build configuration list for PBXNativeTarget "TradingCards" */ = {
			isa = XCConfigurationList;
			buildConfigurations = (
				AEBFCEA62CE3E0C900D8146D /* Debug */,
				AEBFCEA72CE3E0C900D8146D /* Release */,
			);
			defaultConfigurationIsVisible = 0;
			defaultConfigurationName = Release;
		};
/* End XCConfigurationList section */
	};
	rootObject = AEBFCE8F2CE3E0C700D8146D /* Project object */;
}
